PODS:
  - Flutter (1.0.0)
  - openpgp (0.6.0):
    - Flutter
  - workmanager_apple (0.0.1):
    - Flutter

DEPENDENCIES:
  - Flutter (from `Flutter`)
  - openpgp (from `.symlinks/plugins/openpgp/ios`)
  - workmanager_apple (from `.symlinks/plugins/workmanager_apple/ios`)

EXTERNAL SOURCES:
  Flutter:
    :path: Flutter
  openpgp:
    :path: ".symlinks/plugins/openpgp/ios"
  workmanager_apple:
    :path: ".symlinks/plugins/workmanager_apple/ios"

SPEC CHECKSUMS:
  Flutter: cabc95a1d2626b1b06e7179b784ebcf0c0cde467
  openpgp: 978983a445d0bd2b62595d2fddaf939de37583fa
  workmanager_apple: 904529ae31e97fc5be632cf628507652294a0778

PODFILE CHECKSUM: c5ea6be7508deb66b84e6302bf319338a7f21583

COCOAPODS: 1.16.2
