PODS:
  - file_picker_writable (0.0.1):
    - Flutter
  - Flutter (1.0.0)
  - flutter_charset_detector (0.0.1):
    - Flutter
    - UniversalDetector2
  - flutter_tex_js (0.0.1):
    - Flutter
  - path_provider (0.0.1):
    - Flutter
  - shared_preferences (0.0.1):
    - Flutter
  - UniversalDetector2 (2.0.0)
  - url_launcher (0.0.1):
    - Flutter

DEPENDENCIES:
  - file_picker_writable (from `.symlinks/plugins/file_picker_writable/ios`)
  - Flutter (from `Flutter`)
  - flutter_charset_detector (from `.symlinks/plugins/flutter_charset_detector/ios`)
  - flutter_tex_js (from `.symlinks/plugins/flutter_tex_js/ios`)
  - path_provider (from `.symlinks/plugins/path_provider/ios`)
  - shared_preferences (from `.symlinks/plugins/shared_preferences/ios`)
  - url_launcher (from `.symlinks/plugins/url_launcher/ios`)

SPEC REPOS:
  trunk:
    - UniversalDetector2

EXTERNAL SOURCES:
  file_picker_writable:
    :path: ".symlinks/plugins/file_picker_writable/ios"
  Flutter:
    :path: Flutter
  flutter_charset_detector:
    :path: ".symlinks/plugins/flutter_charset_detector/ios"
  flutter_tex_js:
    :path: ".symlinks/plugins/flutter_tex_js/ios"
  path_provider:
    :path: ".symlinks/plugins/path_provider/ios"
  shared_preferences:
    :path: ".symlinks/plugins/shared_preferences/ios"
  url_launcher:
    :path: ".symlinks/plugins/url_launcher/ios"

SPEC CHECKSUMS:
  file_picker_writable: 67959f5c516feb5121693a14eda63fcbe6cbb6dc
  Flutter: 434fef37c0980e73bb6479ef766c45957d4b510c
  flutter_charset_detector: c446c2d0da8991a0bd3dbb9842ff3af415484582
  flutter_tex_js: 010eab32e3bc329fe1b6d48efd8a3b0c0506bb50
  path_provider: abfe2b5c733d04e238b0d8691db0cfd63a27a93c
  shared_preferences: af6bfa751691cdc24be3045c43ec037377ada40d
  UniversalDetector2: 8b226f8a7c8a65a6c449848cb664f92fb83cf81b
  url_launcher: 6fef411d543ceb26efce54b05a0a40bfd74cbbef

PODFILE CHECKSUM: 63eccc0bdb6745b2575ff43c7b123146eb6be04f

COCOAPODS: 1.10.1
