PODS:
  - file_picker_writable (0.0.1):
    - Flutter
  - Flutter (1.0.0)
  - flutter_charset_detector_ios (0.0.1):
    - Flutter
    - UniversalDetector2 (= 2.0.1)
  - flutter_tex_js_ios (0.0.1):
    - Flutter
  - FMDB (2.7.5):
    - FMDB/standard (= 2.7.5)
  - FMDB/standard (2.7.5)
  - path_provider_foundation (0.0.1):
    - Flutter
    - FlutterMacOS
  - shared_preferences_foundation (0.0.1):
    - Flutter
    - FlutterMacOS
  - sqflite (0.0.3):
    - Flutter
    - FMDB (>= 2.7.5)
  - UniversalDetector2 (2.0.1)
  - url_launcher_ios (0.0.1):
    - Flutter

DEPENDENCIES:
  - file_picker_writable (from `.symlinks/plugins/file_picker_writable/ios`)
  - Flutter (from `Flutter`)
  - flutter_charset_detector_ios (from `.symlinks/plugins/flutter_charset_detector_ios/ios`)
  - flutter_tex_js_ios (from `.symlinks/plugins/flutter_tex_js_ios/ios`)
  - path_provider_foundation (from `.symlinks/plugins/path_provider_foundation/darwin`)
  - shared_preferences_foundation (from `.symlinks/plugins/shared_preferences_foundation/darwin`)
  - sqflite (from `.symlinks/plugins/sqflite/ios`)
  - url_launcher_ios (from `.symlinks/plugins/url_launcher_ios/ios`)

SPEC REPOS:
  trunk:
    - FMDB
    - UniversalDetector2

EXTERNAL SOURCES:
  file_picker_writable:
    :path: ".symlinks/plugins/file_picker_writable/ios"
  Flutter:
    :path: Flutter
  flutter_charset_detector_ios:
    :path: ".symlinks/plugins/flutter_charset_detector_ios/ios"
  flutter_tex_js_ios:
    :path: ".symlinks/plugins/flutter_tex_js_ios/ios"
  path_provider_foundation:
    :path: ".symlinks/plugins/path_provider_foundation/darwin"
  shared_preferences_foundation:
    :path: ".symlinks/plugins/shared_preferences_foundation/darwin"
  sqflite:
    :path: ".symlinks/plugins/sqflite/ios"
  url_launcher_ios:
    :path: ".symlinks/plugins/url_launcher_ios/ios"

SPEC CHECKSUMS:
  file_picker_writable: 67959f5c516feb5121693a14eda63fcbe6cbb6dc
  Flutter: f04841e97a9d0b0a8025694d0796dd46242b2854
  flutter_charset_detector_ios: 5157d0104855b9deb78e1395515a287197bc2d55
  flutter_tex_js_ios: babbfcf08c2586a67d7ee713dbb5e8acdff19dd6
  FMDB: 2ce00b547f966261cd18927a3ddb07cb6f3db82a
  path_provider_foundation: eaf5b3e458fc0e5fbb9940fb09980e853fe058b8
  shared_preferences_foundation: e2dae3258e06f44cc55f49d42024fd8dd03c590c
  sqflite: 31f7eba61e3074736dff8807a9b41581e4f7f15a
  UniversalDetector2: 7c9ffd935cf050eeb19edf7e90f6febe3743a1af
  url_launcher_ios: 08a3dfac5fb39e8759aeb0abbd5d9480f30fc8b4

PODFILE CHECKSUM: 891a7abf0c4cfa6b4e2264185f67d0fe32b9c8a2

COCOAPODS: 1.11.3
